
Microsoft Visual Studio Solution File, Format Version 12.00
# Visual Studio 2012
Project("{FAE04EC0-301F-11D3-BF4B-00C04F79EFBC}") = "Scan API Application", "Scan API Application\Scan API Application.csproj", "{4C826B6E-B26E-432E-B255-365860B60254}"
EndProject
Global
	GlobalSection(SolutionConfigurationPlatforms) = preSolution
		Debug|Any CPU = Debug|Any CPU
		Release|Any CPU = Release|Any CPU
	EndGlobalSection
	GlobalSection(ProjectConfigurationPlatforms) = postSolution
		{4C826B6E-B26E-432E-B255-365860B60254}.Debug|Any CPU.ActiveCfg = Debug|Any CPU
		{4C826B6E-B26E-432E-B255-365860B60254}.Debug|Any CPU.Build.0 = Debug|Any CPU
		{4C826B6E-B26E-432E-B255-365860B60254}.Release|Any CPU.ActiveCfg = Release|Any CPU
		{4C826B6E-B26E-432E-B255-365860B60254}.Release|Any CPU.Build.0 = Release|Any CPU
	EndGlobalSection
	GlobalSection(SolutionProperties) = preSolution
		HideSolutionNode = FALSE
	EndGlobalSection
EndGlobal
